# This file is automatically @generated by Cargo.
# It is not intended for manual editing.
version = 4

[[package]]
name = "nrr"
version = "0.1.0"
dependencies = [
 "nrr-core",
 "nrr-provider",
 "nrr-repository",
 "nrr-resolver",
]

[[package]]
name = "nrr-core"
version = "0.1.0"

[[package]]
name = "nrr-provider"
version = "0.1.0"
dependencies = [
 "nrr-core",
]

[[package]]
name = "nrr-repository"
version = "0.1.0"
dependencies = [
 "nrr-core",
]

[[package]]
name = "nrr-resolver"
version = "0.1.0"
dependencies = [
 "nrr-core",
]
